
Microsoft Visual Studio Solution File, Format Version 12.00
# Visual Studio 2013
VisualStudioVersion = 12.0.31101.0
MinimumVisualStudioVersion = 10.0.40219.1
Project("{FAE04EC0-301F-11D3-BF4B-00C04F79EFBC}") = "Inventory", "Inventory\Inventory.csproj", "{89B6FDA7-1C13-4808-AA21-A191D0E3FE34}"
EndProject
Project("{2150E333-8FDC-42A3-9474-1A3956D46DE8}") = ".nuget", ".nuget", "{6BDEC8B5-271F-4511-A824-2F283D1F191E}"
	ProjectSection(SolutionItems) = preProject
		.nuget\NuGet.Config = .nuget\NuGet.Config
		.nuget\NuGet.exe = .nuget\NuGet.exe
		.nuget\NuGet.targets = .nuget\NuGet.targets
	EndProjectSection
EndProject
Project("{2150E333-8FDC-42A3-9474-1A3956D46DE8}") = "Solution Items", "Solution Items", "{9F9E5ED6-FB4D-4760-8ADD-FA5E1E5E142B}"
	ProjectSection(SolutionItems) = preProject
		readme.md = readme.md
	EndProjectSection
EndProject
Project("{FAE04EC0-301F-11D3-BF4B-00C04F79EFBC}") = "Inventory.Tests", "Inventory.Tests\Inventory.Tests.csproj", "{8732DBCF-0DBC-49D6-A61E-9A1467066839}"
EndProject
Project("{FAE04EC0-301F-11D3-BF4B-00C04F79EFBC}") = "Inventory.Persistence", "Inventory.Persistence\Inventory.Persistence.csproj", "{D133AE37-6A46-4767-BFB8-8DE44233A5FB}"
EndProject
Project("{FAE04EC0-301F-11D3-BF4B-00C04F79EFBC}") = "Inventory.Web", "Inventory.Web\Inventory.Web.csproj", "{2B109D7B-D58C-447D-AA7F-BADE1A8F12D3}"
EndProject
Project("{FAE04EC0-301F-11D3-BF4B-00C04F79EFBC}") = "Inventory.BusinessEntity", "Inventory.BusinessEntity\Inventory.BusinessEntity.csproj", "{35362C67-6E1C-4F74-B245-96599F25EAA3}"
EndProject
Project("{FAE04EC0-301F-11D3-BF4B-00C04F79EFBC}") = "Inventory.Repositories", "Inventory.Repositories\Inventory.Repositories.csproj", "{7815DCCB-E6F9-42C8-B5D7-D9F7123791A8}"
EndProject
Project("{FAE04EC0-301F-11D3-BF4B-00C04F79EFBC}") = "Inventory.Logic", "Inventory.Logic\Inventory.Logic.csproj", "{09C45EF0-F436-4DC5-A69B-EEFE42D018BC}"
EndProject
Project("{FAE04EC0-301F-11D3-BF4B-00C04F79EFBC}") = "Inventory.Logic.Abstractions", "Inventory.Logic.Abstractions\Inventory.Logic.Abstractions.csproj", "{A22DF2B6-BF5E-428F-A28D-B3E135D71AA4}"
EndProject
Project("{FAE04EC0-301F-11D3-BF4B-00C04F79EFBC}") = "Inventory.Services", "Inventory.Services\Inventory.Services.csproj", "{8F2815AB-429E-4E49-A7E9-EEBD796A7E6F}"
EndProject
Project("{FAE04EC0-301F-11D3-BF4B-00C04F79EFBC}") = "Inventory.Services.Abstractions", "Inventory.Services.Abstractions\Inventory.Services.Abstractions.csproj", "{4A0DD8CF-4EF5-40E5-AA86-F76713C9A47B}"
EndProject
Project("{2150E333-8FDC-42A3-9474-1A3956D46DE8}") = "04 - Database", "04 - Database", "{9C08FEA7-026F-472F-9BFE-C0EE0FD0C5D5}"
	ProjectSection(SolutionItems) = preProject
		InventoryDb.sql = InventoryDb.sql
	EndProjectSection
EndProject
Project("{2150E333-8FDC-42A3-9474-1A3956D46DE8}") = "01 - UI", "01 - UI", "{AA24703C-FC68-411D-80AC-87E1E7950928}"
EndProject
Project("{2150E333-8FDC-42A3-9474-1A3956D46DE8}") = "02 - Service", "02 - Service", "{1FDB8D7F-6B65-4CEE-B6F1-C6D428726DF6}"
EndProject
Project("{2150E333-8FDC-42A3-9474-1A3956D46DE8}") = "03 - Business", "03 - Business", "{3B54AA5E-3F92-45BD-93B1-E1908435583E}"
EndProject
Project("{2150E333-8FDC-42A3-9474-1A3956D46DE8}") = "05 -Test", "05 -Test", "{3666022C-A49F-48C9-8F27-AE27DBFB5930}"
EndProject
Project("{FAE04EC0-301F-11D3-BF4B-00C04F79EFBC}") = "Inventory.Logic.Test", "Inventory.Logic.Test\Inventory.Logic.Test.csproj", "{96550DDF-D53F-4DC7-96DA-6C6DDB15F669}"
EndProject
Global
	GlobalSection(SolutionConfigurationPlatforms) = preSolution
		Debug|Any CPU = Debug|Any CPU
		Release|Any CPU = Release|Any CPU
	EndGlobalSection
	GlobalSection(ProjectConfigurationPlatforms) = postSolution
		{89B6FDA7-1C13-4808-AA21-A191D0E3FE34}.Debug|Any CPU.ActiveCfg = Debug|Any CPU
		{89B6FDA7-1C13-4808-AA21-A191D0E3FE34}.Debug|Any CPU.Build.0 = Debug|Any CPU
		{89B6FDA7-1C13-4808-AA21-A191D0E3FE34}.Release|Any CPU.ActiveCfg = Release|Any CPU
		{89B6FDA7-1C13-4808-AA21-A191D0E3FE34}.Release|Any CPU.Build.0 = Release|Any CPU
		{8732DBCF-0DBC-49D6-A61E-9A1467066839}.Debug|Any CPU.ActiveCfg = Debug|Any CPU
		{8732DBCF-0DBC-49D6-A61E-9A1467066839}.Debug|Any CPU.Build.0 = Debug|Any CPU
		{8732DBCF-0DBC-49D6-A61E-9A1467066839}.Release|Any CPU.ActiveCfg = Release|Any CPU
		{8732DBCF-0DBC-49D6-A61E-9A1467066839}.Release|Any CPU.Build.0 = Release|Any CPU
		{D133AE37-6A46-4767-BFB8-8DE44233A5FB}.Debug|Any CPU.ActiveCfg = Debug|Any CPU
		{D133AE37-6A46-4767-BFB8-8DE44233A5FB}.Debug|Any CPU.Build.0 = Debug|Any CPU
		{D133AE37-6A46-4767-BFB8-8DE44233A5FB}.Release|Any CPU.ActiveCfg = Release|Any CPU
		{D133AE37-6A46-4767-BFB8-8DE44233A5FB}.Release|Any CPU.Build.0 = Release|Any CPU
		{2B109D7B-D58C-447D-AA7F-BADE1A8F12D3}.Debug|Any CPU.ActiveCfg = Debug|Any CPU
		{2B109D7B-D58C-447D-AA7F-BADE1A8F12D3}.Debug|Any CPU.Build.0 = Debug|Any CPU
		{2B109D7B-D58C-447D-AA7F-BADE1A8F12D3}.Release|Any CPU.ActiveCfg = Release|Any CPU
		{2B109D7B-D58C-447D-AA7F-BADE1A8F12D3}.Release|Any CPU.Build.0 = Release|Any CPU
		{35362C67-6E1C-4F74-B245-96599F25EAA3}.Debug|Any CPU.ActiveCfg = Debug|Any CPU
		{35362C67-6E1C-4F74-B245-96599F25EAA3}.Debug|Any CPU.Build.0 = Debug|Any CPU
		{35362C67-6E1C-4F74-B245-96599F25EAA3}.Release|Any CPU.ActiveCfg = Release|Any CPU
		{35362C67-6E1C-4F74-B245-96599F25EAA3}.Release|Any CPU.Build.0 = Release|Any CPU
		{7815DCCB-E6F9-42C8-B5D7-D9F7123791A8}.Debug|Any CPU.ActiveCfg = Debug|Any CPU
		{7815DCCB-E6F9-42C8-B5D7-D9F7123791A8}.Debug|Any CPU.Build.0 = Debug|Any CPU
		{7815DCCB-E6F9-42C8-B5D7-D9F7123791A8}.Release|Any CPU.ActiveCfg = Release|Any CPU
		{7815DCCB-E6F9-42C8-B5D7-D9F7123791A8}.Release|Any CPU.Build.0 = Release|Any CPU
		{09C45EF0-F436-4DC5-A69B-EEFE42D018BC}.Debug|Any CPU.ActiveCfg = Debug|Any CPU
		{09C45EF0-F436-4DC5-A69B-EEFE42D018BC}.Debug|Any CPU.Build.0 = Debug|Any CPU
		{09C45EF0-F436-4DC5-A69B-EEFE42D018BC}.Release|Any CPU.ActiveCfg = Release|Any CPU
		{09C45EF0-F436-4DC5-A69B-EEFE42D018BC}.Release|Any CPU.Build.0 = Release|Any CPU
		{A22DF2B6-BF5E-428F-A28D-B3E135D71AA4}.Debug|Any CPU.ActiveCfg = Debug|Any CPU
		{A22DF2B6-BF5E-428F-A28D-B3E135D71AA4}.Debug|Any CPU.Build.0 = Debug|Any CPU
		{A22DF2B6-BF5E-428F-A28D-B3E135D71AA4}.Release|Any CPU.ActiveCfg = Release|Any CPU
		{A22DF2B6-BF5E-428F-A28D-B3E135D71AA4}.Release|Any CPU.Build.0 = Release|Any CPU
		{8F2815AB-429E-4E49-A7E9-EEBD796A7E6F}.Debug|Any CPU.ActiveCfg = Debug|Any CPU
		{8F2815AB-429E-4E49-A7E9-EEBD796A7E6F}.Debug|Any CPU.Build.0 = Debug|Any CPU
		{8F2815AB-429E-4E49-A7E9-EEBD796A7E6F}.Release|Any CPU.ActiveCfg = Release|Any CPU
		{8F2815AB-429E-4E49-A7E9-EEBD796A7E6F}.Release|Any CPU.Build.0 = Release|Any CPU
		{4A0DD8CF-4EF5-40E5-AA86-F76713C9A47B}.Debug|Any CPU.ActiveCfg = Debug|Any CPU
		{4A0DD8CF-4EF5-40E5-AA86-F76713C9A47B}.Debug|Any CPU.Build.0 = Debug|Any CPU
		{4A0DD8CF-4EF5-40E5-AA86-F76713C9A47B}.Release|Any CPU.ActiveCfg = Release|Any CPU
		{4A0DD8CF-4EF5-40E5-AA86-F76713C9A47B}.Release|Any CPU.Build.0 = Release|Any CPU
		{96550DDF-D53F-4DC7-96DA-6C6DDB15F669}.Debug|Any CPU.ActiveCfg = Debug|Any CPU
		{96550DDF-D53F-4DC7-96DA-6C6DDB15F669}.Debug|Any CPU.Build.0 = Debug|Any CPU
		{96550DDF-D53F-4DC7-96DA-6C6DDB15F669}.Release|Any CPU.ActiveCfg = Release|Any CPU
		{96550DDF-D53F-4DC7-96DA-6C6DDB15F669}.Release|Any CPU.Build.0 = Release|Any CPU
	EndGlobalSection
	GlobalSection(SolutionProperties) = preSolution
		HideSolutionNode = FALSE
	EndGlobalSection
	GlobalSection(NestedProjects) = preSolution
		{89B6FDA7-1C13-4808-AA21-A191D0E3FE34} = {1FDB8D7F-6B65-4CEE-B6F1-C6D428726DF6}
		{8732DBCF-0DBC-49D6-A61E-9A1467066839} = {3666022C-A49F-48C9-8F27-AE27DBFB5930}
		{D133AE37-6A46-4767-BFB8-8DE44233A5FB} = {1FDB8D7F-6B65-4CEE-B6F1-C6D428726DF6}
		{2B109D7B-D58C-447D-AA7F-BADE1A8F12D3} = {AA24703C-FC68-411D-80AC-87E1E7950928}
		{35362C67-6E1C-4F74-B245-96599F25EAA3} = {3B54AA5E-3F92-45BD-93B1-E1908435583E}
		{7815DCCB-E6F9-42C8-B5D7-D9F7123791A8} = {1FDB8D7F-6B65-4CEE-B6F1-C6D428726DF6}
		{09C45EF0-F436-4DC5-A69B-EEFE42D018BC} = {3B54AA5E-3F92-45BD-93B1-E1908435583E}
		{A22DF2B6-BF5E-428F-A28D-B3E135D71AA4} = {3B54AA5E-3F92-45BD-93B1-E1908435583E}
		{8F2815AB-429E-4E49-A7E9-EEBD796A7E6F} = {1FDB8D7F-6B65-4CEE-B6F1-C6D428726DF6}
		{4A0DD8CF-4EF5-40E5-AA86-F76713C9A47B} = {1FDB8D7F-6B65-4CEE-B6F1-C6D428726DF6}
		{96550DDF-D53F-4DC7-96DA-6C6DDB15F669} = {3666022C-A49F-48C9-8F27-AE27DBFB5930}
	EndGlobalSection
EndGlobal
